
Microsoft Visual Studio Solution File, Format Version 12.00
# Visual Studio Version 16
VisualStudioVersion = 25.0.1703.7
MinimumVisualStudioVersion = 10.0.40219.1
Project("{FAE04EC0-301F-11D3-BF4B-00C04F79EFBC}") = "BinaryNotes", "BinaryNotes\BinaryNotes.csproj", "{DB5E5823-C5BE-416E-8E4F-51F1064B6876}"
EndProject
Project("{FAE04EC0-301F-11D3-BF4B-00C04F79EFBC}") = "BinaryNotesTests", "BinaryNotesTests\BinaryNotesTests.csproj", "{226B36A4-677F-4876-BDCF-4033B62C110A}"
EndProject
Global
	GlobalSection(SolutionConfigurationPlatforms) = preSolution
		Debug|Any CPU = Debug|Any CPU
		Release|Any CPU = Release|Any CPU
	EndGlobalSection
	GlobalSection(ProjectConfigurationPlatforms) = postSolution
		{DB5E5823-C5BE-416E-8E4F-51F1064B6876}.Debug|Any CPU.ActiveCfg = Debug|Any CPU
		{DB5E5823-C5BE-416E-8E4F-51F1064B6876}.Debug|Any CPU.Build.0 = Debug|Any CPU
		{DB5E5823-C5BE-416E-8E4F-51F1064B6876}.Release|Any CPU.ActiveCfg = Release|Any CPU
		{DB5E5823-C5BE-416E-8E4F-51F1064B6876}.Release|Any CPU.Build.0 = Release|Any CPU
		{226B36A4-677F-4876-BDCF-4033B62C110A}.Debug|Any CPU.ActiveCfg = Debug|Any CPU
		{226B36A4-677F-4876-BDCF-4033B62C110A}.Debug|Any CPU.Build.0 = Debug|Any CPU
		{226B36A4-677F-4876-BDCF-4033B62C110A}.Release|Any CPU.ActiveCfg = Release|Any CPU
		{226B36A4-677F-4876-BDCF-4033B62C110A}.Release|Any CPU.Build.0 = Release|Any CPU
	EndGlobalSection
	GlobalSection(SolutionProperties) = preSolution
		HideSolutionNode = FALSE
	EndGlobalSection
	GlobalSection(ExtensibilityGlobals) = postSolution
		SolutionGuid = {2C312ACF-36F4-4971-974B-64CB6BDAFDF0}
	EndGlobalSection
EndGlobal
